// !$*UTF8*$!
{
	archiveVersion = 1;
	classes = {
	};
	objectVersion = 55;
	objects = {

/* Begin PBXBuildFile section */
		4B9EFB8228728B8500AC7A5A /* Character.swift in Sources */ = {isa = PBXBuildFile; fileRef = 4B9EFB8128728B8500AC7A5A /* Character.swift */; };
		4BF003F32872819F003E9E94 /* TablesApp.swift in Sources */ = {isa = PBXBuildFile; fileRef = 4BF003F22872819F003E9E94 /* TablesApp.swift */; };
		4BF003F52872819F003E9E94 /* ContentView.swift in Sources */ = {isa = PBXBuildFile; fileRef = 4BF003F42872819F003E9E94 /* ContentView.swift */; };
		4BF003F7287281A1003E9E94 /* Assets.xcassets in Resources */ = {isa = PBXBuildFile; fileRef = 4BF003F6287281A1003E9E94 /* Assets.xcassets */; };
		4BF003FA287281A1003E9E94 /* Preview Assets.xcassets in Resources */ = {isa = PBXBuildFile; fileRef = 4BF003F9287281A1003E9E94 /* Preview Assets.xcassets */; };
		4BF00404287281A1003E9E94 /* TablesTests.swift in Sources */ = {isa = PBXBuildFile; fileRef = 4BF00403287281A1003E9E94 /* TablesTests.swift */; };
		4BF0040E287281A1003E9E94 /* TablesUITests.swift in Sources */ = {isa = PBXBuildFile; fileRef = 4BF0040D287281A1003E9E94 /* TablesUITests.swift */; };
		4BF00410287281A1003E9E94 /* TablesUITestsLaunchTests.swift in Sources */ = {isa = PBXBuildFile; fileRef = 4BF0040F287281A1003E9E94 /* TablesUITestsLaunchTests.swift */; };
		4BF0041D287281CE003E9E94 /* CellView.swift in Sources */ = {isa = PBXBuildFile; fileRef = 4BF0041C287281CE003E9E94 /* CellView.swift */; };
		4BF0041F287288B4003E9E94 /* TableList.swift in Sources */ = {isa = PBXBuildFile; fileRef = 4BF0041E287288B4003E9E94 /* TableList.swift */; };
		4BF0042228728993003E9E94 /* DetailView.swift in Sources */ = {isa = PBXBuildFile; fileRef = 4BF0042128728993003E9E94 /* DetailView.swift */; };
/* End PBXBuildFile section */

/* Begin PBXContainerItemProxy section */
		4BF00400287281A1003E9E94 /* PBXContainerItemProxy */ = {
			isa = PBXContainerItemProxy;
			containerPortal = 4BF003E72872819F003E9E94 /* Project object */;
			proxyType = 1;
			remoteGlobalIDString = 4BF003EE2872819F003E9E94;
			remoteInfo = Tables;
		};
		4BF0040A287281A1003E9E94 /* PBXContainerItemProxy */ = {
			isa = PBXContainerItemProxy;
			containerPortal = 4BF003E72872819F003E9E94 /* Project object */;
			proxyType = 1;
			remoteGlobalIDString = 4BF003EE2872819F003E9E94;
			remoteInfo = Tables;
		};
/* End PBXContainerItemProxy section */

/* Begin PBXFileReference section */
		4B9EFB8128728B8500AC7A5A /* Character.swift */ = {isa = PBXFileReference; lastKnownFileType = sourcecode.swift; path = Character.swift; sourceTree = "<group>"; };
		4BF003EF2872819F003E9E94 /* Tables.app */ = {isa = PBXFileReference; explicitFileType = wrapper.application; includeInIndex = 0; path = Tables.app; sourceTree = BUILT_PRODUCTS_DIR; };
		4BF003F22872819F003E9E94 /* TablesApp.swift */ = {isa = PBXFileReference; lastKnownFileType = sourcecode.swift; path = TablesApp.swift; sourceTree = "<group>"; };
		4BF003F42872819F003E9E94 /* ContentView.swift */ = {isa = PBXFileReference; lastKnownFileType = sourcecode.swift; path = ContentView.swift; sourceTree = "<group>"; };
		4BF003F6287281A1003E9E94 /* Assets.xcassets */ = {isa = PBXFileReference; lastKnownFileType = folder.assetcatalog; path = Assets.xcassets; sourceTree = "<group>"; };
		4BF003F9287281A1003E9E94 /* Preview Assets.xcassets */ = {isa = PBXFileReference; lastKnownFileType = folder.assetcatalog; path = "Preview Assets.xcassets"; sourceTree = "<group>"; };
		4BF003FF287281A1003E9E94 /* TablesTests.xctest */ = {isa = PBXFileReference; explicitFileType = wrapper.cfbundle; includeInIndex = 0; path = TablesTests.xctest; sourceTree = BUILT_PRODUCTS_DIR; };
		4BF00403287281A1003E9E94 /* TablesTests.swift */ = {isa = PBXFileReference; lastKnownFileType = sourcecode.swift; path = TablesTests.swift; sourceTree = "<group>"; };
		4BF00409287281A1003E9E94 /* TablesUITests.xctest */ = {isa = PBXFileReference; explicitFileType = wrapper.cfbundle; includeInIndex = 0; path = TablesUITests.xctest; sourceTree = BUILT_PRODUCTS_DIR; };
		4BF0040D287281A1003E9E94 /* TablesUITests.swift */ = {isa = PBXFileReference; lastKnownFileType = sourcecode.swift; path = TablesUITests.swift; sourceTree = "<group>"; };
		4BF0040F287281A1003E9E94 /* TablesUITestsLaunchTests.swift */ = {isa = PBXFileReference; lastKnownFileType = sourcecode.swift; path = TablesUITestsLaunchTests.swift; sourceTree = "<group>"; };
		4BF0041C287281CE003E9E94 /* CellView.swift */ = {isa = PBXFileReference; lastKnownFileType = sourcecode.swift; path = CellView.swift; sourceTree = "<group>"; };
		4BF0041E287288B4003E9E94 /* TableList.swift */ = {isa = PBXFileReference; lastKnownFileType = sourcecode.swift; path = TableList.swift; sourceTree = "<group>"; };
		4BF0042128728993003E9E94 /* DetailView.swift */ = {isa = PBXFileReference; lastKnownFileType = sourcecode.swift; path = DetailView.swift; sourceTree = "<group>"; };
/* End PBXFileReference section */

/* Begin PBXFrameworksBuildPhase section */
		4BF003EC2872819F003E9E94 /* Frameworks */ = {
			isa = PBXFrameworksBuildPhase;
			buildActionMask = 2147483647;
			files = (
			);
			runOnlyForDeploymentPostprocessing = 0;
		};
		4BF003FC287281A1003E9E94 /* Frameworks */ = {
			isa = PBXFrameworksBuildPhase;
			buildActionMask = 2147483647;
			files = (
			);
			runOnlyForDeploymentPostprocessing = 0;
		};
		4BF00406287281A1003E9E94 /* Frameworks */ = {
			isa = PBXFrameworksBuildPhase;
			buildActionMask = 2147483647;
			files = (
			);
			runOnlyForDeploymentPostprocessing = 0;
		};
/* End PBXFrameworksBuildPhase section */

/* Begin PBXGroup section */
		4B9EFB8028728B6100AC7A5A /* Model */ = {
			isa = PBXGroup;
			children = (
				4B9EFB8128728B8500AC7A5A /* Character.swift */,
			);
			path = Model;
			sourceTree = "<group>";
		};
		4BF003E62872819F003E9E94 = {
			isa = PBXGroup;
			children = (
				4BF003F12872819F003E9E94 /* Tables */,
				4BF00402287281A1003E9E94 /* TablesTests */,
				4BF0040C287281A1003E9E94 /* TablesUITests */,
				4BF003F02872819F003E9E94 /* Products */,
			);
			sourceTree = "<group>";
		};
		4BF003F02872819F003E9E94 /* Products */ = {
			isa = PBXGroup;
			children = (
				4BF003EF2872819F003E9E94 /* Tables.app */,
				4BF003FF287281A1003E9E94 /* TablesTests.xctest */,
				4BF00409287281A1003E9E94 /* TablesUITests.xctest */,
			);
			name = Products;
			sourceTree = "<group>";
		};
		4BF003F12872819F003E9E94 /* Tables */ = {
			isa = PBXGroup;
			children = (
				4B9EFB8028728B6100AC7A5A /* Model */,
				4BF0042128728993003E9E94 /* DetailView.swift */,
				4BF003F22872819F003E9E94 /* TablesApp.swift */,
				4BF003F42872819F003E9E94 /* ContentView.swift */,
				4BF003F6287281A1003E9E94 /* Assets.xcassets */,
				4BF003F8287281A1003E9E94 /* Preview Content */,
				4BF0041C287281CE003E9E94 /* CellView.swift */,
				4BF0041E287288B4003E9E94 /* TableList.swift */,
			);
			path = Tables;
			sourceTree = "<group>";
		};
		4BF003F8287281A1003E9E94 /* Preview Content */ = {
			isa = PBXGroup;
			children = (
				4BF003F9287281A1003E9E94 /* Preview Assets.xcassets */,
			);
			path = "Preview Content";
			sourceTree = "<group>";
		};
		4BF00402287281A1003E9E94 /* TablesTests */ = {
			isa = PBXGroup;
			children = (
				4BF00403287281A1003E9E94 /* TablesTests.swift */,
			);
			path = TablesTests;
			sourceTree = "<group>";
		};
		4BF0040C287281A1003E9E94 /* TablesUITests */ = {
			isa = PBXGroup;
			children = (
				4BF0040D287281A1003E9E94 /* TablesUITests.swift */,
				4BF0040F287281A1003E9E94 /* TablesUITestsLaunchTests.swift */,
			);
			path = TablesUITests;
			sourceTree = "<group>";
		};
/* End PBXGroup section */

/* Begin PBXNativeTarget section */
		4BF003EE2872819F003E9E94 /* Tables */ = {
			isa = PBXNativeTarget;
			buildConfigurationList = 4BF00413287281A1003E9E94 /* Build configuration list for PBXNativeTarget "Tables" */;
			buildPhases = (
				4BF003EB2872819F003E9E94 /* Sources */,
				4BF003EC2872819F003E9E94 /* Frameworks */,
				4BF003ED2872819F003E9E94 /* Resources */,
			);
			buildRules = (
			);
			dependencies = (
			);
			name = Tables;
			productName = Tables;
			productReference = 4BF003EF2872819F003E9E94 /* Tables.app */;
			productType = "com.apple.product-type.application";
		};
		4BF003FE287281A1003E9E94 /* TablesTests */ = {
			isa = PBXNativeTarget;
			buildConfigurationList = 4BF00416287281A1003E9E94 /* Build configuration list for PBXNativeTarget "TablesTests" */;
			buildPhases = (
				4BF003FB287281A1003E9E94 /* Sources */,
				4BF003FC287281A1003E9E94 /* Frameworks */,
				4BF003FD287281A1003E9E94 /* Resources */,
			);
			buildRules = (
			);
			dependencies = (
				4BF00401287281A1003E9E94 /* PBXTargetDependency */,
			);
			name = TablesTests;
			productName = TablesTests;
			productReference = 4BF003FF287281A1003E9E94 /* TablesTests.xctest */;
			productType = "com.apple.product-type.bundle.unit-test";
		};
		4BF00408287281A1003E9E94 /* TablesUITests */ = {
			isa = PBXNativeTarget;
			buildConfigurationList = 4BF00419287281A1003E9E94 /* Build configuration list for PBXNativeTarget "TablesUITests" */;
			buildPhases = (
				4BF00405287281A1003E9E94 /* Sources */,
				4BF00406287281A1003E9E94 /* Frameworks */,
				4BF00407287281A1003E9E94 /* Resources */,
			);
			buildRules = (
			);
			dependencies = (
				4BF0040B287281A1003E9E94 /* PBXTargetDependency */,
			);
			name = TablesUITests;
			productName = TablesUITests;
			productReference = 4BF00409287281A1003E9E94 /* TablesUITests.xctest */;
			productType = "com.apple.product-type.bundle.ui-testing";
		};
/* End PBXNativeTarget section */

/* Begin PBXProject section */
		4BF003E72872819F003E9E94 /* Project object */ = {
			isa = PBXProject;
			attributes = {
				BuildIndependentTargetsInParallel = 1;
				LastSwiftUpdateCheck = 1330;
				LastUpgradeCheck = 1330;
				TargetAttributes = {
					4BF003EE2872819F003E9E94 = {
						CreatedOnToolsVersion = 13.3.1;
					};
					4BF003FE287281A1003E9E94 = {
						CreatedOnToolsVersion = 13.3.1;
						TestTargetID = 4BF003EE2872819F003E9E94;
					};
					4BF00408287281A1003E9E94 = {
						CreatedOnToolsVersion = 13.3.1;
						TestTargetID = 4BF003EE2872819F003E9E94;
					};
				};
			};
			buildConfigurationList = 4BF003EA2872819F003E9E94 /* Build configuration list for PBXProject "Tables" */;
			compatibilityVersion = "Xcode 13.0";
			developmentRegion = en;
			hasScannedForEncodings = 0;
			knownRegions = (
				en,
				Base,
			);
			mainGroup = 4BF003E62872819F003E9E94;
			productRefGroup = 4BF003F02872819F003E9E94 /* Products */;
			projectDirPath = "";
			projectRoot = "";
			targets = (
				4BF003EE2872819F003E9E94 /* Tables */,
				4BF003FE287281A1003E9E94 /* TablesTests */,
				4BF00408287281A1003E9E94 /* TablesUITests */,
			);
		};
/* End PBXProject section */

/* Begin PBXResourcesBuildPhase section */
		4BF003ED2872819F003E9E94 /* Resources */ = {
			isa = PBXResourcesBuildPhase;
			buildActionMask = 2147483647;
			files = (
				4BF003FA287281A1003E9E94 /* Preview Assets.xcassets in Resources */,
				4BF003F7287281A1003E9E94 /* Assets.xcassets in Resources */,
			);
			runOnlyForDeploymentPostprocessing = 0;
		};
		4BF003FD287281A1003E9E94 /* Resources */ = {
			isa = PBXResourcesBuildPhase;
			buildActionMask = 2147483647;
			files = (
			);
			runOnlyForDeploymentPostprocessing = 0;
		};
		4BF00407287281A1003E9E94 /* Resources */ = {
			isa = PBXResourcesBuildPhase;
			buildActionMask = 2147483647;
			files = (
			);
			runOnlyForDeploymentPostprocessing = 0;
		};
/* End PBXResourcesBuildPhase section */

/* Begin PBXSourcesBuildPhase section */
		4BF003EB2872819F003E9E94 /* Sources */ = {
			isa = PBXSourcesBuildPhase;
			buildActionMask = 2147483647;
			files = (
				4BF003F52872819F003E9E94 /* ContentView.swift in Sources */,
				4B9EFB8228728B8500AC7A5A /* Character.swift in Sources */,
				4BF003F32872819F003E9E94 /* TablesApp.swift in Sources */,
				4BF0041F287288B4003E9E94 /* TableList.swift in Sources */,
				4BF0042228728993003E9E94 /* DetailView.swift in Sources */,
				4BF0041D287281CE003E9E94 /* CellView.swift in Sources */,
			);
			runOnlyForDeploymentPostprocessing = 0;
		};
		4BF003FB287281A1003E9E94 /* Sources */ = {
			isa = PBXSourcesBuildPhase;
			buildActionMask = 2147483647;
			files = (
				4BF00404287281A1003E9E94 /* TablesTests.swift in Sources */,
			);
			runOnlyForDeploymentPostprocessing = 0;
		};
		4BF00405287281A1003E9E94 /* Sources */ = {
			isa = PBXSourcesBuildPhase;
			buildActionMask = 2147483647;
			files = (
				4BF0040E287281A1003E9E94 /* TablesUITests.swift in Sources */,
				4BF00410287281A1003E9E94 /* TablesUITestsLaunchTests.swift in Sources */,
			);
			runOnlyForDeploymentPostprocessing = 0;
		};
/* End PBXSourcesBuildPhase section */

/* Begin PBXTargetDependency section */
		4BF00401287281A1003E9E94 /* PBXTargetDependency */ = {
			isa = PBXTargetDependency;
			target = 4BF003EE2872819F003E9E94 /* Tables */;
			targetProxy = 4BF00400287281A1003E9E94 /* PBXContainerItemProxy */;
		};
		4BF0040B287281A1003E9E94 /* PBXTargetDependency */ = {
			isa = PBXTargetDependency;
			target = 4BF003EE2872819F003E9E94 /* Tables */;
			targetProxy = 4BF0040A287281A1003E9E94 /* PBXContainerItemProxy */;
		};
/* End PBXTargetDependency section */

/* Begin XCBuildConfiguration section */
		4BF00411287281A1003E9E94 /* Debug */ = {
			isa = XCBuildConfiguration;
			buildSettings = {
				ALWAYS_SEARCH_USER_PATHS = NO;
				CLANG_ANALYZER_NONNULL = YES;
				CLANG_ANALYZER_NUMBER_OBJECT_CONVERSION = YES_AGGRESSIVE;
				CLANG_CXX_LANGUAGE_STANDARD = "gnu++17";
				CLANG_ENABLE_MODULES = YES;
				CLANG_ENABLE_OBJC_ARC = YES;
				CLANG_ENABLE_OBJC_WEAK = YES;
				CLANG_WARN_BLOCK_CAPTURE_AUTORELEASING = YES;
				CLANG_WARN_BOOL_CONVERSION = YES;
				CLANG_WARN_COMMA = YES;
				CLANG_WARN_CONSTANT_CONVERSION = YES;
				CLANG_WARN_DEPRECATED_OBJC_IMPLEMENTATIONS = YES;
				CLANG_WARN_DIRECT_OBJC_ISA_USAGE = YES_ERROR;
				CLANG_WARN_DOCUMENTATION_COMMENTS = YES;
				CLANG_WARN_EMPTY_BODY = YES;
				CLANG_WARN_ENUM_CONVERSION = YES;
				CLANG_WARN_INFINITE_RECURSION = YES;
				CLANG_WARN_INT_CONVERSION = YES;
				CLANG_WARN_NON_LITERAL_NULL_CONVERSION = YES;
				CLANG_WARN_OBJC_IMPLICIT_RETAIN_SELF = YES;
				CLANG_WARN_OBJC_LITERAL_CONVERSION = YES;
				CLANG_WARN_OBJC_ROOT_CLASS = YES_ERROR;
				CLANG_WARN_QUOTED_INCLUDE_IN_FRAMEWORK_HEADER = YES;
				CLANG_WARN_RANGE_LOOP_ANALYSIS = YES;
				CLANG_WARN_STRICT_PROTOTYPES = YES;
				CLANG_WARN_SUSPICIOUS_MOVE = YES;
				CLANG_WARN_UNGUARDED_AVAILABILITY = YES_AGGRESSIVE;
				CLANG_WARN_UNREACHABLE_CODE = YES;
				CLANG_WARN__DUPLICATE_METHOD_MATCH = YES;
				COPY_PHASE_STRIP = NO;
				DEBUG_INFORMATION_FORMAT = dwarf;
				ENABLE_STRICT_OBJC_MSGSEND = YES;
				ENABLE_TESTABILITY = YES;
				GCC_C_LANGUAGE_STANDARD = gnu11;
				GCC_DYNAMIC_NO_PIC = NO;
				GCC_NO_COMMON_BLOCKS = YES;
				GCC_OPTIMIZATION_LEVEL = 0;
				GCC_PREPROCESSOR_DEFINITIONS = (
					"DEBUG=1",
					"$(inherited)",
				);
				GCC_WARN_64_TO_32_BIT_CONVERSION = YES;
				GCC_WARN_ABOUT_RETURN_TYPE = YES_ERROR;
				GCC_WARN_UNDECLARED_SELECTOR = YES;
				GCC_WARN_UNINITIALIZED_AUTOS = YES_AGGRESSIVE;
				GCC_WARN_UNUSED_FUNCTION = YES;
				GCC_WARN_UNUSED_VARIABLE = YES;
				IPHONEOS_DEPLOYMENT_TARGET = 15.4;
				MTL_ENABLE_DEBUG_INFO = INCLUDE_SOURCE;
				MTL_FAST_MATH = YES;
				ONLY_ACTIVE_ARCH = YES;
				SDKROOT = iphoneos;
				SWIFT_ACTIVE_COMPILATION_CONDITIONS = DEBUG;
				SWIFT_OPTIMIZATION_LEVEL = "-Onone";
			};
			name = Debug;
		};
		4BF00412287281A1003E9E94 /* Release */ = {
			isa = XCBuildConfiguration;
			buildSettings = {
				ALWAYS_SEARCH_USER_PATHS = NO;
				CLANG_ANALYZER_NONNULL = YES;
				CLANG_ANALYZER_NUMBER_OBJECT_CONVERSION = YES_AGGRESSIVE;
				CLANG_CXX_LANGUAGE_STANDARD = "gnu++17";
				CLANG_ENABLE_MODULES = YES;
				CLANG_ENABLE_OBJC_ARC = YES;
				CLANG_ENABLE_OBJC_WEAK = YES;
				CLANG_WARN_BLOCK_CAPTURE_AUTORELEASING = YES;
				CLANG_WARN_BOOL_CONVERSION = YES;
				CLANG_WARN_COMMA = YES;
				CLANG_WARN_CONSTANT_CONVERSION = YES;
				CLANG_WARN_DEPRECATED_OBJC_IMPLEMENTATIONS = YES;
				CLANG_WARN_DIRECT_OBJC_ISA_USAGE = YES_ERROR;
				CLANG_WARN_DOCUMENTATION_COMMENTS = YES;
				CLANG_WARN_EMPTY_BODY = YES;
				CLANG_WARN_ENUM_CONVERSION = YES;
				CLANG_WARN_INFINITE_RECURSION = YES;
				CLANG_WARN_INT_CONVERSION = YES;
				CLANG_WARN_NON_LITERAL_NULL_CONVERSION = YES;
				CLANG_WARN_OBJC_IMPLICIT_RETAIN_SELF = YES;
				CLANG_WARN_OBJC_LITERAL_CONVERSION = YES;
				CLANG_WARN_OBJC_ROOT_CLASS = YES_ERROR;
				CLANG_WARN_QUOTED_INCLUDE_IN_FRAMEWORK_HEADER = YES;
				CLANG_WARN_RANGE_LOOP_ANALYSIS = YES;
				CLANG_WARN_STRICT_PROTOTYPES = YES;
				CLANG_WARN_SUSPICIOUS_MOVE = YES;
				CLANG_WARN_UNGUARDED_AVAILABILITY = YES_AGGRESSIVE;
				CLANG_WARN_UNREACHABLE_CODE = YES;
				CLANG_WARN__DUPLICATE_METHOD_MATCH = YES;
				COPY_PHASE_STRIP = NO;
				DEBUG_INFORMATION_FORMAT = "dwarf-with-dsym";
				ENABLE_NS_ASSERTIONS = NO;
				ENABLE_STRICT_OBJC_MSGSEND = YES;
				GCC_C_LANGUAGE_STANDARD = gnu11;
				GCC_NO_COMMON_BLOCKS = YES;
				GCC_WARN_64_TO_32_BIT_CONVERSION = YES;
				GCC_WARN_ABOUT_RETURN_TYPE = YES_ERROR;
				GCC_WARN_UNDECLARED_SELECTOR = YES;
				GCC_WARN_UNINITIALIZED_AUTOS = YES_AGGRESSIVE;
				GCC_WARN_UNUSED_FUNCTION = YES;
				GCC_WARN_UNUSED_VARIABLE = YES;
				IPHONEOS_DEPLOYMENT_TARGET = 15.4;
				MTL_ENABLE_DEBUG_INFO = NO;
				MTL_FAST_MATH = YES;
				SDKROOT = iphoneos;
				SWIFT_COMPILATION_MODE = wholemodule;
				SWIFT_OPTIMIZATION_LEVEL = "-O";
				VALIDATE_PRODUCT = YES;
			};
			name = Release;
		};
		4BF00414287281A1003E9E94 /* Debug */ = {
			isa = XCBuildConfiguration;
			buildSettings = {
				ASSETCATALOG_COMPILER_APPICON_NAME = AppIcon;
				ASSETCATALOG_COMPILER_GLOBAL_ACCENT_COLOR_NAME = AccentColor;
				CODE_SIGN_STYLE = Automatic;
				CURRENT_PROJECT_VERSION = 1;
				DEVELOPMENT_ASSET_PATHS = "\"Tables/Preview Content\"";
				ENABLE_PREVIEWS = YES;
				GENERATE_INFOPLIST_FILE = YES;
				INFOPLIST_KEY_UIApplicationSceneManifest_Generation = YES;
				INFOPLIST_KEY_UIApplicationSupportsIndirectInputEvents = YES;
				INFOPLIST_KEY_UILaunchScreen_Generation = YES;
				INFOPLIST_KEY_UISupportedInterfaceOrientations_iPad = "UIInterfaceOrientationPortrait UIInterfaceOrientationPortraitUpsideDown UIInterfaceOrientationLandscapeLeft UIInterfaceOrientationLandscapeRight";
				INFOPLIST_KEY_UISupportedInterfaceOrientations_iPhone = "UIInterfaceOrientationPortrait UIInterfaceOrientationLandscapeLeft UIInterfaceOrientationLandscapeRight";
				LD_RUNPATH_SEARCH_PATHS = (
					"$(inherited)",
					"@executable_path/Frameworks",
				);
				MARKETING_VERSION = 1.0;
				PRODUCT_BUNDLE_IDENTIFIER = com.uppe.Tables;
				PRODUCT_NAME = "$(TARGET_NAME)";
				SWIFT_EMIT_LOC_STRINGS = YES;
				SWIFT_VERSION = 5.0;
				TARGETED_DEVICE_FAMILY = "1,2";
			};
			name = Debug;
		};
		4BF00415287281A1003E9E94 /* Release */ = {
			isa = XCBuildConfiguration;
			buildSettings = {
				ASSETCATALOG_COMPILER_APPICON_NAME = AppIcon;
				ASSETCATALOG_COMPILER_GLOBAL_ACCENT_COLOR_NAME = AccentColor;
				CODE_SIGN_STYLE = Automatic;
				CURRENT_PROJECT_VERSION = 1;
				DEVELOPMENT_ASSET_PATHS = "\"Tables/Preview Content\"";
				ENABLE_PREVIEWS = YES;
				GENERATE_INFOPLIST_FILE = YES;
				INFOPLIST_KEY_UIApplicationSceneManifest_Generation = YES;
				INFOPLIST_KEY_UIApplicationSupportsIndirectInputEvents = YES;
				INFOPLIST_KEY_UILaunchScreen_Generation = YES;
				INFOPLIST_KEY_UISupportedInterfaceOrientations_iPad = "UIInterfaceOrientationPortrait UIInterfaceOrientationPortraitUpsideDown UIInterfaceOrientationLandscapeLeft UIInterfaceOrientationLandscapeRight";
				INFOPLIST_KEY_UISupportedInterfaceOrientations_iPhone = "UIInterfaceOrientationPortrait UIInterfaceOrientationLandscapeLeft UIInterfaceOrientationLandscapeRight";
				LD_RUNPATH_SEARCH_PATHS = (
					"$(inherited)",
					"@executable_path/Frameworks",
				);
				MARKETING_VERSION = 1.0;
				PRODUCT_BUNDLE_IDENTIFIER = com.uppe.Tables;
				PRODUCT_NAME = "$(TARGET_NAME)";
				SWIFT_EMIT_LOC_STRINGS = YES;
				SWIFT_VERSION = 5.0;
				TARGETED_DEVICE_FAMILY = "1,2";
			};
			name = Release;
		};
		4BF00417287281A1003E9E94 /* Debug */ = {
			isa = XCBuildConfiguration;
			buildSettings = {
				ALWAYS_EMBED_SWIFT_STANDARD_LIBRARIES = YES;
				BUNDLE_LOADER = "$(TEST_HOST)";
				CODE_SIGN_STYLE = Automatic;
				CURRENT_PROJECT_VERSION = 1;
				GENERATE_INFOPLIST_FILE = YES;
				IPHONEOS_DEPLOYMENT_TARGET = 15.4;
				MARKETING_VERSION = 1.0;
				PRODUCT_BUNDLE_IDENTIFIER = com.uppe.TablesTests;
				PRODUCT_NAME = "$(TARGET_NAME)";
				SWIFT_EMIT_LOC_STRINGS = NO;
				SWIFT_VERSION = 5.0;
				TARGETED_DEVICE_FAMILY = "1,2";
				TEST_HOST = "$(BUILT_PRODUCTS_DIR)/Tables.app/Tables";
			};
			name = Debug;
		};
		4BF00418287281A1003E9E94 /* Release */ = {
			isa = XCBuildConfiguration;
			buildSettings = {
				ALWAYS_EMBED_SWIFT_STANDARD_LIBRARIES = YES;
				BUNDLE_LOADER = "$(TEST_HOST)";
				CODE_SIGN_STYLE = Automatic;
				CURRENT_PROJECT_VERSION = 1;
				GENERATE_INFOPLIST_FILE = YES;
				IPHONEOS_DEPLOYMENT_TARGET = 15.4;
				MARKETING_VERSION = 1.0;
				PRODUCT_BUNDLE_IDENTIFIER = com.uppe.TablesTests;
				PRODUCT_NAME = "$(TARGET_NAME)";
				SWIFT_EMIT_LOC_STRINGS = NO;
				SWIFT_VERSION = 5.0;
				TARGETED_DEVICE_FAMILY = "1,2";
				TEST_HOST = "$(BUILT_PRODUCTS_DIR)/Tables.app/Tables";
			};
			name = Release;
		};
		4BF0041A287281A1003E9E94 /* Debug */ = {
			isa = XCBuildConfiguration;
			buildSettings = {
				ALWAYS_EMBED_SWIFT_STANDARD_LIBRARIES = YES;
				CODE_SIGN_STYLE = Automatic;
				CURRENT_PROJECT_VERSION = 1;
				GENERATE_INFOPLIST_FILE = YES;
				MARKETING_VERSION = 1.0;
				PRODUCT_BUNDLE_IDENTIFIER = com.uppe.TablesUITests;
				PRODUCT_NAME = "$(TARGET_NAME)";
				SWIFT_EMIT_LOC_STRINGS = NO;
				SWIFT_VERSION = 5.0;
				TARGETED_DEVICE_FAMILY = "1,2";
				TEST_TARGET_NAME = Tables;
			};
			name = Debug;
		};
		4BF0041B287281A1003E9E94 /* Release */ = {
			isa = XCBuildConfiguration;
			buildSettings = {
				ALWAYS_EMBED_SWIFT_STANDARD_LIBRARIES = YES;
				CODE_SIGN_STYLE = Automatic;
				CURRENT_PROJECT_VERSION = 1;
				GENERATE_INFOPLIST_FILE = YES;
				MARKETING_VERSION = 1.0;
				PRODUCT_BUNDLE_IDENTIFIER = com.uppe.TablesUITests;
				PRODUCT_NAME = "$(TARGET_NAME)";
				SWIFT_EMIT_LOC_STRINGS = NO;
				SWIFT_VERSION = 5.0;
				TARGETED_DEVICE_FAMILY = "1,2";
				TEST_TARGET_NAME = Tables;
			};
			name = Release;
		};
/* End XCBuildConfiguration section */

/* Begin XCConfigurationList section */
		4BF003EA2872819F003E9E94 /* Build configuration list for PBXProject "Tables" */ = {
			isa = XCConfigurationList;
			buildConfigurations = (
				4BF00411287281A1003E9E94 /* Debug */,
				4BF00412287281A1003E9E94 /* Release */,
			);
			defaultConfigurationIsVisible = 0;
			defaultConfigurationName = Release;
		};
		4BF00413287281A1003E9E94 /* Build configuration list for PBXNativeTarget "Tables" */ = {
			isa = XCConfigurationList;
			buildConfigurations = (
				4BF00414287281A1003E9E94 /* Debug */,
				4BF00415287281A1003E9E94 /* Release */,
			);
			defaultConfigurationIsVisible = 0;
			defaultConfigurationName = Release;
		};
		4BF00416287281A1003E9E94 /* Build configuration list for PBXNativeTarget "TablesTests" */ = {
			isa = XCConfigurationList;
			buildConfigurations = (
				4BF00417287281A1003E9E94 /* Debug */,
				4BF00418287281A1003E9E94 /* Release */,
			);
			defaultConfigurationIsVisible = 0;
			defaultConfigurationName = Release;
		};
		4BF00419287281A1003E9E94 /* Build configuration list for PBXNativeTarget "TablesUITests" */ = {
			isa = XCConfigurationList;
			buildConfigurations = (
				4BF0041A287281A1003E9E94 /* Debug */,
				4BF0041B287281A1003E9E94 /* Release */,
			);
			defaultConfigurationIsVisible = 0;
			defaultConfigurationName = Release;
		};
/* End XCConfigurationList section */
	};
	rootObject = 4BF003E72872819F003E9E94 /* Project object */;
}
